
Microsoft Visual Studio Solution File, Format Version 12.00
# Visual Studio Version 17
VisualStudioVersion = 17.7.34031.279
MinimumVisualStudioVersion = 10.0.40219.1
Project("{FAE04EC0-301F-11D3-BF4B-00C04F79EFBC}") = "Flip-n-Find", "Flip-n-Find.csproj", "{428B7AF0-226C-49AA-A975-8C20BFCA1D79}"
EndProject
Global
	GlobalSection(SolutionConfigurationPlatforms) = preSolution
		Debug|Any CPU = Debug|Any CPU
		Release|Any CPU = Release|Any CPU
	EndGlobalSection
	GlobalSection(ProjectConfigurationPlatforms) = postSolution
		{428B7AF0-226C-49AA-A975-8C20BFCA1D79}.Debug|Any CPU.ActiveCfg = Debug|Any CPU
		{428B7AF0-226C-49AA-A975-8C20BFCA1D79}.Debug|Any CPU.Build.0 = Debug|Any CPU
		{428B7AF0-226C-49AA-A975-8C20BFCA1D79}.Debug|Any CPU.Deploy.0 = Debug|Any CPU
		{428B7AF0-226C-49AA-A975-8C20BFCA1D79}.Release|Any CPU.ActiveCfg = Release|Any CPU
		{428B7AF0-226C-49AA-A975-8C20BFCA1D79}.Release|Any CPU.Build.0 = Release|Any CPU
		{428B7AF0-226C-49AA-A975-8C20BFCA1D79}.Release|Any CPU.Deploy.0 = Release|Any CPU
	EndGlobalSection
	GlobalSection(SolutionProperties) = preSolution
		HideSolutionNode = FALSE
	EndGlobalSection
	GlobalSection(ExtensibilityGlobals) = postSolution
		SolutionGuid = {60703AAF-54AD-4643-86E9-8AFAD729C8A4}
	EndGlobalSection
EndGlobal
